// !$*UTF8*$!
{
	archiveVersion = 1;
	classes = {
	};
	objectVersion = 46;
	objects = {

/* Begin PBXBuildFile section */
		84DFB89E1AE9AE6500BC9882 /* main.m in Sources */ = {isa = PBXBuildFile; fileRef = 84DFB89D1AE9AE6500BC9882 /* main.m */; };
		84DFB8A11AE9AE6500BC9882 /* AppDelegate.m in Sources */ = {isa = PBXBuildFile; fileRef = 84DFB8A01AE9AE6500BC9882 /* AppDelegate.m */; };
		84DFB8A41AE9AE6500BC9882 /* ViewController.m in Sources */ = {isa = PBXBuildFile; fileRef = 84DFB8A31AE9AE6500BC9882 /* ViewController.m */; };
		84DFB8A71AE9AE6500BC9882 /* Main.storyboard in Resources */ = {isa = PBXBuildFile; fileRef = 84DFB8A51AE9AE6500BC9882 /* Main.storyboard */; };
		84DFB8A91AE9AE6500BC9882 /* Images.xcassets in Resources */ = {isa = PBXBuildFile; fileRef = 84DFB8A81AE9AE6500BC9882 /* Images.xcassets */; };
		84DFB8AC1AE9AE6500BC9882 /* LaunchScreen.xib in Resources */ = {isa = PBXBuildFile; fileRef = 84DFB8AA1AE9AE6500BC9882 /* LaunchScreen.xib */; };
		84DFB8B81AE9AE6500BC9882 /* Tutorial_3Tests.m in Sources */ = {isa = PBXBuildFile; fileRef = 84DFB8B71AE9AE6500BC9882 /* Tutorial_3Tests.m */; };
/* End PBXBuildFile section */

/* Begin PBXContainerItemProxy section */
		84DFB8B21AE9AE6500BC9882 /* PBXContainerItemProxy */ = {
			isa = PBXContainerItemProxy;
			containerPortal = 84DFB8901AE9AE6500BC9882 /* Project object */;
			proxyType = 1;
			remoteGlobalIDString = 84DFB8971AE9AE6500BC9882;
			remoteInfo = Tutorial_3;
		};
/* End PBXContainerItemProxy section */

/* Begin PBXFileReference section */
		84DFB8981AE9AE6500BC9882 /* Tutorial_3.app */ = {isa = PBXFileReference; explicitFileType = wrapper.application; includeInIndex = 0; path = Tutorial_3.app; sourceTree = BUILT_PRODUCTS_DIR; };
		84DFB89C1AE9AE6500BC9882 /* Info.plist */ = {isa = PBXFileReference; lastKnownFileType = text.plist.xml; path = Info.plist; sourceTree = "<group>"; };
		84DFB89D1AE9AE6500BC9882 /* main.m */ = {isa = PBXFileReference; lastKnownFileType = sourcecode.c.objc; path = main.m; sourceTree = "<group>"; };
		84DFB89F1AE9AE6500BC9882 /* AppDelegate.h */ = {isa = PBXFileReference; lastKnownFileType = sourcecode.c.h; path = AppDelegate.h; sourceTree = "<group>"; };
		84DFB8A01AE9AE6500BC9882 /* AppDelegate.m */ = {isa = PBXFileReference; lastKnownFileType = sourcecode.c.objc; path = AppDelegate.m; sourceTree = "<group>"; };
		84DFB8A21AE9AE6500BC9882 /* ViewController.h */ = {isa = PBXFileReference; lastKnownFileType = sourcecode.c.h; path = ViewController.h; sourceTree = "<group>"; };
		84DFB8A31AE9AE6500BC9882 /* ViewController.m */ = {isa = PBXFileReference; lastKnownFileType = sourcecode.c.objc; path = ViewController.m; sourceTree = "<group>"; };
		84DFB8A61AE9AE6500BC9882 /* Base */ = {isa = PBXFileReference; lastKnownFileType = file.storyboard; name = Base; path = Base.lproj/Main.storyboard; sourceTree = "<group>"; };
		84DFB8A81AE9AE6500BC9882 /* Images.xcassets */ = {isa = PBXFileReference; lastKnownFileType = folder.assetcatalog; path = Images.xcassets; sourceTree = "<group>"; };
		84DFB8AB1AE9AE6500BC9882 /* Base */ = {isa = PBXFileReference; lastKnownFileType = file.xib; name = Base; path = Base.lproj/LaunchScreen.xib; sourceTree = "<group>"; };
		84DFB8B11AE9AE6500BC9882 /* Tutorial_3Tests.xctest */ = {isa = PBXFileReference; explicitFileType = wrapper.cfbundle; includeInIndex = 0; path = Tutorial_3Tests.xctest; sourceTree = BUILT_PRODUCTS_DIR; };
		84DFB8B61AE9AE6500BC9882 /* Info.plist */ = {isa = PBXFileReference; lastKnownFileType = text.plist.xml; path = Info.plist; sourceTree = "<group>"; };
		84DFB8B71AE9AE6500BC9882 /* Tutorial_3Tests.m */ = {isa = PBXFileReference; lastKnownFileType = sourcecode.c.objc; path = Tutorial_3Tests.m; sourceTree = "<group>"; };
/* End PBXFileReference section */

/* Begin PBXFrameworksBuildPhase section */
		84DFB8951AE9AE6500BC9882 /* Frameworks */ = {
			isa = PBXFrameworksBuildPhase;
			buildActionMask = 2147483647;
			files = (
			);
			runOnlyForDeploymentPostprocessing = 0;
		};
		84DFB8AE1AE9AE6500BC9882 /* Frameworks */ = {
			isa = PBXFrameworksBuildPhase;
			buildActionMask = 2147483647;
			files = (
			);
			runOnlyForDeploymentPostprocessing = 0;
		};
/* End PBXFrameworksBuildPhase section */

/* Begin PBXGroup section */
		84DFB88F1AE9AE6500BC9882 = {
			isa = PBXGroup;
			children = (
				84DFB89A1AE9AE6500BC9882 /* Tutorial_3 */,
				84DFB8B41AE9AE6500BC9882 /* Tutorial_3Tests */,
				84DFB8991AE9AE6500BC9882 /* Products */,
			);
			sourceTree = "<group>";
		};
		84DFB8991AE9AE6500BC9882 /* Products */ = {
			isa = PBXGroup;
			children = (
				84DFB8981AE9AE6500BC9882 /* Tutorial_3.app */,
				84DFB8B11AE9AE6500BC9882 /* Tutorial_3Tests.xctest */,
			);
			name = Products;
			sourceTree = "<group>";
		};
		84DFB89A1AE9AE6500BC9882 /* Tutorial_3 */ = {
			isa = PBXGroup;
			children = (
				84DFB89F1AE9AE6500BC9882 /* AppDelegate.h */,
				84DFB8A01AE9AE6500BC9882 /* AppDelegate.m */,
				84DFB8A21AE9AE6500BC9882 /* ViewController.h */,
				84DFB8A31AE9AE6500BC9882 /* ViewController.m */,
				84DFB8A51AE9AE6500BC9882 /* Main.storyboard */,
				84DFB8A81AE9AE6500BC9882 /* Images.xcassets */,
				84DFB8AA1AE9AE6500BC9882 /* LaunchScreen.xib */,
				84DFB89B1AE9AE6500BC9882 /* Supporting Files */,
			);
			path = Tutorial_3;
			sourceTree = "<group>";
		};
		84DFB89B1AE9AE6500BC9882 /* Supporting Files */ = {
			isa = PBXGroup;
			children = (
				84DFB89C1AE9AE6500BC9882 /* Info.plist */,
				84DFB89D1AE9AE6500BC9882 /* main.m */,
			);
			name = "Supporting Files";
			sourceTree = "<group>";
		};
		84DFB8B41AE9AE6500BC9882 /* Tutorial_3Tests */ = {
			isa = PBXGroup;
			children = (
				84DFB8B71AE9AE6500BC9882 /* Tutorial_3Tests.m */,
				84DFB8B51AE9AE6500BC9882 /* Supporting Files */,
			);
			path = Tutorial_3Tests;
			sourceTree = "<group>";
		};
		84DFB8B51AE9AE6500BC9882 /* Supporting Files */ = {
			isa = PBXGroup;
			children = (
				84DFB8B61AE9AE6500BC9882 /* Info.plist */,
			);
			name = "Supporting Files";
			sourceTree = "<group>";
		};
/* End PBXGroup section */

/* Begin PBXNativeTarget section */
		84DFB8971AE9AE6500BC9882 /* Tutorial_3 */ = {
			isa = PBXNativeTarget;
			buildConfigurationList = 84DFB8BB1AE9AE6500BC9882 /* Build configuration list for PBXNativeTarget "Tutorial_3" */;
			buildPhases = (
				84DFB8941AE9AE6500BC9882 /* Sources */,
				84DFB8951AE9AE6500BC9882 /* Frameworks */,
				84DFB8961AE9AE6500BC9882 /* Resources */,
			);
			buildRules = (
			);
			dependencies = (
			);
			name = Tutorial_3;
			productName = Tutorial_3;
			productReference = 84DFB8981AE9AE6500BC9882 /* Tutorial_3.app */;
			productType = "com.apple.product-type.application";
		};
		84DFB8B01AE9AE6500BC9882 /* Tutorial_3Tests */ = {
			isa = PBXNativeTarget;
			buildConfigurationList = 84DFB8BE1AE9AE6500BC9882 /* Build configuration list for PBXNativeTarget "Tutorial_3Tests" */;
			buildPhases = (
				84DFB8AD1AE9AE6500BC9882 /* Sources */,
				84DFB8AE1AE9AE6500BC9882 /* Frameworks */,
				84DFB8AF1AE9AE6500BC9882 /* Resources */,
			);
			buildRules = (
			);
			dependencies = (
				84DFB8B31AE9AE6500BC9882 /* PBXTargetDependency */,
			);
			name = Tutorial_3Tests;
			productName = Tutorial_3Tests;
			productReference = 84DFB8B11AE9AE6500BC9882 /* Tutorial_3Tests.xctest */;
			productType = "com.apple.product-type.bundle.unit-test";
		};
/* End PBXNativeTarget section */

/* Begin PBXProject section */
		84DFB8901AE9AE6500BC9882 /* Project object */ = {
			isa = PBXProject;
			attributes = {
				LastUpgradeCheck = 0630;
				ORGANIZATIONNAME = Admin;
				TargetAttributes = {
					84DFB8971AE9AE6500BC9882 = {
						CreatedOnToolsVersion = 6.3.1;
					};
					84DFB8B01AE9AE6500BC9882 = {
						CreatedOnToolsVersion = 6.3.1;
						TestTargetID = 84DFB8971AE9AE6500BC9882;
					};
				};
			};
			buildConfigurationList = 84DFB8931AE9AE6500BC9882 /* Build configuration list for PBXProject "Tutorial_3" */;
			compatibilityVersion = "Xcode 3.2";
			developmentRegion = English;
			hasScannedForEncodings = 0;
			knownRegions = (
				en,
				Base,
			);
			mainGroup = 84DFB88F1AE9AE6500BC9882;
			productRefGroup = 84DFB8991AE9AE6500BC9882 /* Products */;
			projectDirPath = "";
			projectRoot = "";
			targets = (
				84DFB8971AE9AE6500BC9882 /* Tutorial_3 */,
				84DFB8B01AE9AE6500BC9882 /* Tutorial_3Tests */,
			);
		};
/* End PBXProject section */

/* Begin PBXResourcesBuildPhase section */
		84DFB8961AE9AE6500BC9882 /* Resources */ = {
			isa = PBXResourcesBuildPhase;
			buildActionMask = 2147483647;
			files = (
				84DFB8A71AE9AE6500BC9882 /* Main.storyboard in Resources */,
				84DFB8AC1AE9AE6500BC9882 /* LaunchScreen.xib in Resources */,
				84DFB8A91AE9AE6500BC9882 /* Images.xcassets in Resources */,
			);
			runOnlyForDeploymentPostprocessing = 0;
		};
		84DFB8AF1AE9AE6500BC9882 /* Resources */ = {
			isa = PBXResourcesBuildPhase;
			buildActionMask = 2147483647;
			files = (
			);
			runOnlyForDeploymentPostprocessing = 0;
		};
/* End PBXResourcesBuildPhase section */

/* Begin PBXSourcesBuildPhase section */
		84DFB8941AE9AE6500BC9882 /* Sources */ = {
			isa = PBXSourcesBuildPhase;
			buildActionMask = 2147483647;
			files = (
				84DFB8A41AE9AE6500BC9882 /* ViewController.m in Sources */,
				84DFB8A11AE9AE6500BC9882 /* AppDelegate.m in Sources */,
				84DFB89E1AE9AE6500BC9882 /* main.m in Sources */,
			);
			runOnlyForDeploymentPostprocessing = 0;
		};
		84DFB8AD1AE9AE6500BC9882 /* Sources */ = {
			isa = PBXSourcesBuildPhase;
			buildActionMask = 2147483647;
			files = (
				84DFB8B81AE9AE6500BC9882 /* Tutorial_3Tests.m in Sources */,
			);
			runOnlyForDeploymentPostprocessing = 0;
		};
/* End PBXSourcesBuildPhase section */

/* Begin PBXTargetDependency section */
		84DFB8B31AE9AE6500BC9882 /* PBXTargetDependency */ = {
			isa = PBXTargetDependency;
			target = 84DFB8971AE9AE6500BC9882 /* Tutorial_3 */;
			targetProxy = 84DFB8B21AE9AE6500BC9882 /* PBXContainerItemProxy */;
		};
/* End PBXTargetDependency section */

/* Begin PBXVariantGroup section */
		84DFB8A51AE9AE6500BC9882 /* Main.storyboard */ = {
			isa = PBXVariantGroup;
			children = (
				84DFB8A61AE9AE6500BC9882 /* Base */,
			);
			name = Main.storyboard;
			sourceTree = "<group>";
		};
		84DFB8AA1AE9AE6500BC9882 /* LaunchScreen.xib */ = {
			isa = PBXVariantGroup;
			children = (
				84DFB8AB1AE9AE6500BC9882 /* Base */,
			);
			name = LaunchScreen.xib;
			sourceTree = "<group>";
		};
/* End PBXVariantGroup section */

/* Begin XCBuildConfiguration section */
		84DFB8B91AE9AE6500BC9882 /* Debug */ = {
			isa = XCBuildConfiguration;
			buildSettings = {
				ALWAYS_SEARCH_USER_PATHS = NO;
				CLANG_CXX_LANGUAGE_STANDARD = "gnu++0x";
				CLANG_CXX_LIBRARY = "libc++";
				CLANG_ENABLE_MODULES = YES;
				CLANG_ENABLE_OBJC_ARC = YES;
				CLANG_WARN_BOOL_CONVERSION = YES;
				CLANG_WARN_CONSTANT_CONVERSION = YES;
				CLANG_WARN_DIRECT_OBJC_ISA_USAGE = YES_ERROR;
				CLANG_WARN_EMPTY_BODY = YES;
				CLANG_WARN_ENUM_CONVERSION = YES;
				CLANG_WARN_INT_CONVERSION = YES;
				CLANG_WARN_OBJC_ROOT_CLASS = YES_ERROR;
				CLANG_WARN_UNREACHABLE_CODE = YES;
				CLANG_WARN__DUPLICATE_METHOD_MATCH = YES;
				"CODE_SIGN_IDENTITY[sdk=iphoneos*]" = "iPhone Developer";
				COPY_PHASE_STRIP = NO;
				DEBUG_INFORMATION_FORMAT = "dwarf-with-dsym";
				ENABLE_STRICT_OBJC_MSGSEND = YES;
				GCC_C_LANGUAGE_STANDARD = gnu99;
				GCC_DYNAMIC_NO_PIC = NO;
				GCC_NO_COMMON_BLOCKS = YES;
				GCC_OPTIMIZATION_LEVEL = 0;
				GCC_PREPROCESSOR_DEFINITIONS = (
					"DEBUG=1",
					"$(inherited)",
				);
				GCC_SYMBOLS_PRIVATE_EXTERN = NO;
				GCC_WARN_64_TO_32_BIT_CONVERSION = YES;
				GCC_WARN_ABOUT_RETURN_TYPE = YES_ERROR;
				GCC_WARN_UNDECLARED_SELECTOR = YES;
				GCC_WARN_UNINITIALIZED_AUTOS = YES_AGGRESSIVE;
				GCC_WARN_UNUSED_FUNCTION = YES;
				GCC_WARN_UNUSED_VARIABLE = YES;
				IPHONEOS_DEPLOYMENT_TARGET = 8.3;
				MTL_ENABLE_DEBUG_INFO = YES;
				ONLY_ACTIVE_ARCH = YES;
				SDKROOT = iphoneos;
			};
			name = Debug;
		};
		84DFB8BA1AE9AE6500BC9882 /* Release */ = {
			isa = XCBuildConfiguration;
			buildSettings = {
				ALWAYS_SEARCH_USER_PATHS = NO;
				CLANG_CXX_LANGUAGE_STANDARD = "gnu++0x";
				CLANG_CXX_LIBRARY = "libc++";
				CLANG_ENABLE_MODULES = YES;
				CLANG_ENABLE_OBJC_ARC = YES;
				CLANG_WARN_BOOL_CONVERSION = YES;
				CLANG_WARN_CONSTANT_CONVERSION = YES;
				CLANG_WARN_DIRECT_OBJC_ISA_USAGE = YES_ERROR;
				CLANG_WARN_EMPTY_BODY = YES;
				CLANG_WARN_ENUM_CONVERSION = YES;
				CLANG_WARN_INT_CONVERSION = YES;
				CLANG_WARN_OBJC_ROOT_CLASS = YES_ERROR;
				CLANG_WARN_UNREACHABLE_CODE = YES;
				CLANG_WARN__DUPLICATE_METHOD_MATCH = YES;
				"CODE_SIGN_IDENTITY[sdk=iphoneos*]" = "iPhone Developer";
				COPY_PHASE_STRIP = NO;
				DEBUG_INFORMATION_FORMAT = "dwarf-with-dsym";
				ENABLE_NS_ASSERTIONS = NO;
				ENABLE_STRICT_OBJC_MSGSEND = YES;
				GCC_C_LANGUAGE_STANDARD = gnu99;
				GCC_NO_COMMON_BLOCKS = YES;
				GCC_WARN_64_TO_32_BIT_CONVERSION = YES;
				GCC_WARN_ABOUT_RETURN_TYPE = YES_ERROR;
				GCC_WARN_UNDECLARED_SELECTOR = YES;
				GCC_WARN_UNINITIALIZED_AUTOS = YES_AGGRESSIVE;
				GCC_WARN_UNUSED_FUNCTION = YES;
				GCC_WARN_UNUSED_VARIABLE = YES;
				IPHONEOS_DEPLOYMENT_TARGET = 8.3;
				MTL_ENABLE_DEBUG_INFO = NO;
				SDKROOT = iphoneos;
				VALIDATE_PRODUCT = YES;
			};
			name = Release;
		};
		84DFB8BC1AE9AE6500BC9882 /* Debug */ = {
			isa = XCBuildConfiguration;
			buildSettings = {
				ASSETCATALOG_COMPILER_APPICON_NAME = AppIcon;
				INFOPLIST_FILE = Tutorial_3/Info.plist;
				LD_RUNPATH_SEARCH_PATHS = "$(inherited) @executable_path/Frameworks";
				PRODUCT_NAME = "$(TARGET_NAME)";
			};
			name = Debug;
		};
		84DFB8BD1AE9AE6500BC9882 /* Release */ = {
			isa = XCBuildConfiguration;
			buildSettings = {
				ASSETCATALOG_COMPILER_APPICON_NAME = AppIcon;
				INFOPLIST_FILE = Tutorial_3/Info.plist;
				LD_RUNPATH_SEARCH_PATHS = "$(inherited) @executable_path/Frameworks";
				PRODUCT_NAME = "$(TARGET_NAME)";
			};
			name = Release;
		};
		84DFB8BF1AE9AE6500BC9882 /* Debug */ = {
			isa = XCBuildConfiguration;
			buildSettings = {
				BUNDLE_LOADER = "$(TEST_HOST)";
				FRAMEWORK_SEARCH_PATHS = (
					"$(SDKROOT)/Developer/Library/Frameworks",
					"$(inherited)",
				);
				GCC_PREPROCESSOR_DEFINITIONS = (
					"DEBUG=1",
					"$(inherited)",
				);
				INFOPLIST_FILE = Tutorial_3Tests/Info.plist;
				LD_RUNPATH_SEARCH_PATHS = "$(inherited) @executable_path/Frameworks @loader_path/Frameworks";
				PRODUCT_NAME = "$(TARGET_NAME)";
				TEST_HOST = "$(BUILT_PRODUCTS_DIR)/Tutorial_3.app/Tutorial_3";
			};
			name = Debug;
		};
		84DFB8C01AE9AE6500BC9882 /* Release */ = {
			isa = XCBuildConfiguration;
			buildSettings = {
				BUNDLE_LOADER = "$(TEST_HOST)";
				FRAMEWORK_SEARCH_PATHS = (
					"$(SDKROOT)/Developer/Library/Frameworks",
					"$(inherited)",
				);
				INFOPLIST_FILE = Tutorial_3Tests/Info.plist;
				LD_RUNPATH_SEARCH_PATHS = "$(inherited) @executable_path/Frameworks @loader_path/Frameworks";
				PRODUCT_NAME = "$(TARGET_NAME)";
				TEST_HOST = "$(BUILT_PRODUCTS_DIR)/Tutorial_3.app/Tutorial_3";
			};
			name = Release;
		};
/* End XCBuildConfiguration section */

/* Begin XCConfigurationList section */
		84DFB8931AE9AE6500BC9882 /* Build configuration list for PBXProject "Tutorial_3" */ = {
			isa = XCConfigurationList;
			buildConfigurations = (
				84DFB8B91AE9AE6500BC9882 /* Debug */,
				84DFB8BA1AE9AE6500BC9882 /* Release */,
			);
			defaultConfigurationIsVisible = 0;
			defaultConfigurationName = Release;
		};
		84DFB8BB1AE9AE6500BC9882 /* Build configuration list for PBXNativeTarget "Tutorial_3" */ = {
			isa = XCConfigurationList;
			buildConfigurations = (
				84DFB8BC1AE9AE6500BC9882 /* Debug */,
				84DFB8BD1AE9AE6500BC9882 /* Release */,
			);
			defaultConfigurationIsVisible = 0;
		};
		84DFB8BE1AE9AE6500BC9882 /* Build configuration list for PBXNativeTarget "Tutorial_3Tests" */ = {
			isa = XCConfigurationList;
			buildConfigurations = (
				84DFB8BF1AE9AE6500BC9882 /* Debug */,
				84DFB8C01AE9AE6500BC9882 /* Release */,
			);
			defaultConfigurationIsVisible = 0;
		};
/* End XCConfigurationList section */
	};
	rootObject = 84DFB8901AE9AE6500BC9882 /* Project object */;
}
